
Microsoft Visual Studio Solution File, Format Version 12.00
# Visual Studio Version 17
VisualStudioVersion = 17.7.34024.191
MinimumVisualStudioVersion = 10.0.40219.1
Project("{FAE04EC0-301F-11D3-BF4B-00C04F79EFBC}") = "Bantucan-ITELEC1C", "Bantucan-ITELEC1C\Bantucan-ITELEC1C.csproj", "{97B687DE-FFE2-450E-B241-E56F49FA7DEF}"
EndProject
Global
	GlobalSection(SolutionConfigurationPlatforms) = preSolution
		Debug|Any CPU = Debug|Any CPU
		Release|Any CPU = Release|Any CPU
	EndGlobalSection
	GlobalSection(ProjectConfigurationPlatforms) = postSolution
		{97B687DE-FFE2-450E-B241-E56F49FA7DEF}.Debug|Any CPU.ActiveCfg = Debug|Any CPU
		{97B687DE-FFE2-450E-B241-E56F49FA7DEF}.Debug|Any CPU.Build.0 = Debug|Any CPU
		{97B687DE-FFE2-450E-B241-E56F49FA7DEF}.Release|Any CPU.ActiveCfg = Release|Any CPU
		{97B687DE-FFE2-450E-B241-E56F49FA7DEF}.Release|Any CPU.Build.0 = Release|Any CPU
	EndGlobalSection
	GlobalSection(SolutionProperties) = preSolution
		HideSolutionNode = FALSE
	EndGlobalSection
	GlobalSection(ExtensibilityGlobals) = postSolution
		SolutionGuid = {47B7A2F2-CDC2-4E45-BAA1-33ACE87200BE}
	EndGlobalSection
EndGlobal
